
Microsoft Visual Studio Solution File, Format Version 12.00
Project("{2150E333-8FDC-42A3-9474-1A3956D46DE8}") = "src", "src", "{77414696-44D7-4866-80F9-395DE766222F}"
EndProject
Project("{FAE04EC0-301F-11D3-BF4B-00C04F79EFBC}") = "PayFlow.Api", "PayFlow.Api\PayFlow.Api.csproj", "{7FF02763-21DA-4882-8102-79B151064394}"
EndProject
Project("{FAE04EC0-301F-11D3-BF4B-00C04F79EFBC}") = "PayFlow.Domain", "PayFlow.Domain\PayFlow.Domain.csproj", "{E4A17B25-015D-4368-8D49-239515012E44}"
EndProject
Project("{FAE04EC0-301F-11D3-BF4B-00C04F79EFBC}") = "PayFlow.Application", "PayFlow.Application\PayFlow.Application.csproj", "{59D82A5E-8EB4-487A-B772-D688C3814D39}"
EndProject
Project("{FAE04EC0-301F-11D3-BF4B-00C04F79EFBC}") = "PayFlow.Infrastructure", "PayFlow.Infrastructure\PayFlow.Infrastructure.csproj", "{6EF21F55-2A82-4189-9707-0CFB80465231}"
EndProject
Project("{2150E333-8FDC-42A3-9474-1A3956D46DE8}") = "tests", "tests", "{B3AEBECE-EA41-4E57-B4CA-B3CFBBFD6954}"
EndProject
Project("{FAE04EC0-301F-11D3-BF4B-00C04F79EFBC}") = "PayFlow.UnitTests", "PayFlow.UnitTests\PayFlow.UnitTests.csproj", "{990A5C2E-281D-4E44-98DD-C04A9429F76F}"
EndProject
Project("{FAE04EC0-301F-11D3-BF4B-00C04F79EFBC}") = "PayFlow.IntegrationTests", "PayFlow.IntegrationTests\PayFlow.IntegrationTests.csproj", "{3A6DAD18-F463-4343-BF82-2EFB6358EEF9}"
EndProject
Global
	GlobalSection(SolutionConfigurationPlatforms) = preSolution
		Debug|Any CPU = Debug|Any CPU
		Release|Any CPU = Release|Any CPU
	EndGlobalSection
	GlobalSection(NestedProjects) = preSolution
		{7FF02763-21DA-4882-8102-79B151064394} = {77414696-44D7-4866-80F9-395DE766222F}
		{E4A17B25-015D-4368-8D49-239515012E44} = {77414696-44D7-4866-80F9-395DE766222F}
		{59D82A5E-8EB4-487A-B772-D688C3814D39} = {77414696-44D7-4866-80F9-395DE766222F}
		{6EF21F55-2A82-4189-9707-0CFB80465231} = {77414696-44D7-4866-80F9-395DE766222F}
		{990A5C2E-281D-4E44-98DD-C04A9429F76F} = {B3AEBECE-EA41-4E57-B4CA-B3CFBBFD6954}
		{3A6DAD18-F463-4343-BF82-2EFB6358EEF9} = {B3AEBECE-EA41-4E57-B4CA-B3CFBBFD6954}
	EndGlobalSection
	GlobalSection(ProjectConfigurationPlatforms) = postSolution
		{7FF02763-21DA-4882-8102-79B151064394}.Debug|Any CPU.ActiveCfg = Debug|Any CPU
		{7FF02763-21DA-4882-8102-79B151064394}.Debug|Any CPU.Build.0 = Debug|Any CPU
		{7FF02763-21DA-4882-8102-79B151064394}.Release|Any CPU.ActiveCfg = Release|Any CPU
		{7FF02763-21DA-4882-8102-79B151064394}.Release|Any CPU.Build.0 = Release|Any CPU
		{E4A17B25-015D-4368-8D49-239515012E44}.Debug|Any CPU.ActiveCfg = Debug|Any CPU
		{E4A17B25-015D-4368-8D49-239515012E44}.Debug|Any CPU.Build.0 = Debug|Any CPU
		{E4A17B25-015D-4368-8D49-239515012E44}.Release|Any CPU.ActiveCfg = Release|Any CPU
		{E4A17B25-015D-4368-8D49-239515012E44}.Release|Any CPU.Build.0 = Release|Any CPU
		{59D82A5E-8EB4-487A-B772-D688C3814D39}.Debug|Any CPU.ActiveCfg = Debug|Any CPU
		{59D82A5E-8EB4-487A-B772-D688C3814D39}.Debug|Any CPU.Build.0 = Debug|Any CPU
		{59D82A5E-8EB4-487A-B772-D688C3814D39}.Release|Any CPU.ActiveCfg = Release|Any CPU
		{59D82A5E-8EB4-487A-B772-D688C3814D39}.Release|Any CPU.Build.0 = Release|Any CPU
		{6EF21F55-2A82-4189-9707-0CFB80465231}.Debug|Any CPU.ActiveCfg = Debug|Any CPU
		{6EF21F55-2A82-4189-9707-0CFB80465231}.Debug|Any CPU.Build.0 = Debug|Any CPU
		{6EF21F55-2A82-4189-9707-0CFB80465231}.Release|Any CPU.ActiveCfg = Release|Any CPU
		{6EF21F55-2A82-4189-9707-0CFB80465231}.Release|Any CPU.Build.0 = Release|Any CPU
		{990A5C2E-281D-4E44-98DD-C04A9429F76F}.Debug|Any CPU.ActiveCfg = Debug|Any CPU
		{990A5C2E-281D-4E44-98DD-C04A9429F76F}.Debug|Any CPU.Build.0 = Debug|Any CPU
		{990A5C2E-281D-4E44-98DD-C04A9429F76F}.Release|Any CPU.ActiveCfg = Release|Any CPU
		{990A5C2E-281D-4E44-98DD-C04A9429F76F}.Release|Any CPU.Build.0 = Release|Any CPU
		{3A6DAD18-F463-4343-BF82-2EFB6358EEF9}.Debug|Any CPU.ActiveCfg = Debug|Any CPU
		{3A6DAD18-F463-4343-BF82-2EFB6358EEF9}.Debug|Any CPU.Build.0 = Debug|Any CPU
		{3A6DAD18-F463-4343-BF82-2EFB6358EEF9}.Release|Any CPU.ActiveCfg = Release|Any CPU
		{3A6DAD18-F463-4343-BF82-2EFB6358EEF9}.Release|Any CPU.Build.0 = Release|Any CPU
	EndGlobalSection
EndGlobal
